
Microsoft Visual Studio Solution File, Format Version 12.00
# Visual Studio Version 16
VisualStudioVersion = 16.0.28803.156
MinimumVisualStudioVersion = 10.0.40219.1
Project("{9A19103F-16F7-4668-BE54-9A1E7A4F7556}") = "Markdig.Adf", "Markdig.Adf\Markdig.Adf.csproj", "{B531648E-EC86-44CE-9226-6AA557C968D5}"
EndProject
Project("{9A19103F-16F7-4668-BE54-9A1E7A4F7556}") = "Markdig.Adf.Tests", "Markdig.Adf.Tests\Markdig.Adf.Tests.csproj", "{EEBDA847-765A-4591-BBAD-341BACB92672}"
EndProject
Global
	GlobalSection(SolutionConfigurationPlatforms) = preSolution
		Debug|Any CPU = Debug|Any CPU
		Release|Any CPU = Release|Any CPU
	EndGlobalSection
	GlobalSection(ProjectConfigurationPlatforms) = postSolution
		{B531648E-EC86-44CE-9226-6AA557C968D5}.Debug|Any CPU.ActiveCfg = Debug|Any CPU
		{B531648E-EC86-44CE-9226-6AA557C968D5}.Debug|Any CPU.Build.0 = Debug|Any CPU
		{B531648E-EC86-44CE-9226-6AA557C968D5}.Release|Any CPU.ActiveCfg = Release|Any CPU
		{B531648E-EC86-44CE-9226-6AA557C968D5}.Release|Any CPU.Build.0 = Release|Any CPU
		{EEBDA847-765A-4591-BBAD-341BACB92672}.Debug|Any CPU.ActiveCfg = Debug|Any CPU
		{EEBDA847-765A-4591-BBAD-341BACB92672}.Debug|Any CPU.Build.0 = Debug|Any CPU
		{EEBDA847-765A-4591-BBAD-341BACB92672}.Release|Any CPU.ActiveCfg = Release|Any CPU
		{EEBDA847-765A-4591-BBAD-341BACB92672}.Release|Any CPU.Build.0 = Release|Any CPU
	EndGlobalSection
	GlobalSection(SolutionProperties) = preSolution
		HideSolutionNode = FALSE
	EndGlobalSection
	GlobalSection(ExtensibilityGlobals) = postSolution
		SolutionGuid = {86A77782-750D-4E11-BAA0-6E18B1D79BE7}
	EndGlobalSection
EndGlobal
